
Microsoft Visual Studio Solution File, Format Version 12.00
# Visual Studio 15
VisualStudioVersion = 15.0.28010.2003
MinimumVisualStudioVersion = 10.0.40219.1
Project("{2150E333-8FDC-42A3-9474-1A3956D46DE8}") = "WebSPA", "WebSPA", "{9D0A49DE-8F05-489D-A544-5CFF848FAF8A}"
EndProject
Project("{2150E333-8FDC-42A3-9474-1A3956D46DE8}") = "Backend", "Backend", "{E3975D03-90F7-4E04-9283-866265A15A8A}"
EndProject
Project("{9A19103F-16F7-4668-BE54-9A1E7A4F7556}") = "VehicleStatusLiveMonitor", "VehicleStatusLiveMonitor\VehicleStatusLiveMonitor.csproj", "{7BF35791-1016-4780-85A4-E39D813E907F}"
EndProject
Project("{9A19103F-16F7-4668-BE54-9A1E7A4F7556}") = "DataDomainService.Patterns", "DataDomainService.Patterns\DataDomainService.Patterns.csproj", "{3B1B7D6E-5220-4EF3-BECF-E40A5404510B}"
EndProject
Project("{9A19103F-16F7-4668-BE54-9A1E7A4F7556}") = "DataDomainService.ConnectionStatus", "DataDomainService.ConnectionStatus\DataDomainService.ConnectionStatus.csproj", "{C600DA73-C89C-480E-8BB4-54D4ABBA9BEE}"
EndProject
Project("{9A19103F-16F7-4668-BE54-9A1E7A4F7556}") = "DataDomainService.Customer", "DataDomainService.Customer\DataDomainService.Customer.csproj", "{C68367D0-FBC3-4B86-AF98-2EE232A39592}"
EndProject
Project("{9A19103F-16F7-4668-BE54-9A1E7A4F7556}") = "DataDomainService.Models", "DataDomainService.Models\DataDomainService.Models.csproj", "{5096B949-4AED-419E-95EC-6551E2964E23}"
EndProject
Project("{9A19103F-16F7-4668-BE54-9A1E7A4F7556}") = "DataDomainService.GenericsContext", "DataDomainService.GenericsContext\DataDomainService.GenericsContext.csproj", "{0B4FE2FA-D675-41B9-A606-09EA8390F93A}"
EndProject
Project("{9A19103F-16F7-4668-BE54-9A1E7A4F7556}") = "DataDomainService.Vehicle", "DataDomainService.Vehicle\DataDomainService.Vehicle.csproj", "{8A6AD786-B9F1-4579-AF60-CB488716B632}"
EndProject
Project("{2150E333-8FDC-42A3-9474-1A3956D46DE8}") = "Middleware", "Middleware", "{486A9D18-5877-4C01-8194-1537D9CA0A0C}"
EndProject
Project("{2150E333-8FDC-42A3-9474-1A3956D46DE8}") = "RabbitMQ", "RabbitMQ", "{E1A60CA8-BF12-410B-A8FD-46C6EDE31156}"
EndProject
Project("{9A19103F-16F7-4668-BE54-9A1E7A4F7556}") = "RabbitMQEventBus", "RabbitMQEventBus\RabbitMQEventBus.csproj", "{BDA0A3B8-B818-443A-ACF5-83AA676D2F34}"
EndProject
Project("{9A19103F-16F7-4668-BE54-9A1E7A4F7556}") = "RabbitMqServiceUnitTests", "RabbitMqServiceUnitTests\RabbitMqServiceUnitTests.csproj", "{1E2E01CA-1A56-41F0-8E53-67BED2F3833E}"
EndProject
Project("{2150E333-8FDC-42A3-9474-1A3956D46DE8}") = "QoC", "QoC", "{43DAD3CB-BB3D-472B-9A17-38E3B76CD184}"
EndProject
Project("{9A19103F-16F7-4668-BE54-9A1E7A4F7556}") = "Logging", "Logging\Logging.csproj", "{806CC529-4290-4401-B669-E843CDA3441F}"
EndProject
Project("{9A19103F-16F7-4668-BE54-9A1E7A4F7556}") = "LoggingUnitTest", "LoggingUnitTest\LoggingUnitTest.csproj", "{EEBDA1A3-9269-47B7-B560-2B42BEB64116}"
EndProject
Project("{9A19103F-16F7-4668-BE54-9A1E7A4F7556}") = "DataDomainService.ConnectionStatus.UnitTest", "DataDomainService.ConnectionStatus.UnitTest\DataDomainService.ConnectionStatus.UnitTest.csproj", "{FA9A9DC9-7F70-4710-808A-AFC463B4A8C5}"
EndProject
Project("{9A19103F-16F7-4668-BE54-9A1E7A4F7556}") = "DataDomainService.Customer.UnitTest", "DataDomainService.Customer.UnitTest\DataDomainService.Customer.UnitTest.csproj", "{306ACFF2-2D27-4640-9626-4AEF0F11B8A0}"
EndProject
Project("{9A19103F-16F7-4668-BE54-9A1E7A4F7556}") = "DataDomainService.Patterns.UnitTest", "DataDomainService.Patterns.UnitTest\DataDomainService.Patterns.UnitTest.csproj", "{C9BB2668-3ED1-4334-AFFC-1F3E5167EFF9}"
EndProject
Project("{9A19103F-16F7-4668-BE54-9A1E7A4F7556}") = "DataDomainService.Vehicle.UnitTest", "DataDomainService.Vehicle.UnitTest\DataDomainService.Vehicle.UnitTest.csproj", "{C71AA701-2D04-406C-B7AF-FAA14013A7D2}"
EndProject
Global
	GlobalSection(SolutionConfigurationPlatforms) = preSolution
		Debug|Any CPU = Debug|Any CPU
		Release|Any CPU = Release|Any CPU
	EndGlobalSection
	GlobalSection(ProjectConfigurationPlatforms) = postSolution
		{7BF35791-1016-4780-85A4-E39D813E907F}.Debug|Any CPU.ActiveCfg = Debug|Any CPU
		{7BF35791-1016-4780-85A4-E39D813E907F}.Debug|Any CPU.Build.0 = Debug|Any CPU
		{7BF35791-1016-4780-85A4-E39D813E907F}.Release|Any CPU.ActiveCfg = Release|Any CPU
		{7BF35791-1016-4780-85A4-E39D813E907F}.Release|Any CPU.Build.0 = Release|Any CPU
		{3B1B7D6E-5220-4EF3-BECF-E40A5404510B}.Debug|Any CPU.ActiveCfg = Debug|Any CPU
		{3B1B7D6E-5220-4EF3-BECF-E40A5404510B}.Debug|Any CPU.Build.0 = Debug|Any CPU
		{3B1B7D6E-5220-4EF3-BECF-E40A5404510B}.Release|Any CPU.ActiveCfg = Release|Any CPU
		{3B1B7D6E-5220-4EF3-BECF-E40A5404510B}.Release|Any CPU.Build.0 = Release|Any CPU
		{C600DA73-C89C-480E-8BB4-54D4ABBA9BEE}.Debug|Any CPU.ActiveCfg = Debug|Any CPU
		{C600DA73-C89C-480E-8BB4-54D4ABBA9BEE}.Debug|Any CPU.Build.0 = Debug|Any CPU
		{C600DA73-C89C-480E-8BB4-54D4ABBA9BEE}.Release|Any CPU.ActiveCfg = Release|Any CPU
		{C600DA73-C89C-480E-8BB4-54D4ABBA9BEE}.Release|Any CPU.Build.0 = Release|Any CPU
		{C68367D0-FBC3-4B86-AF98-2EE232A39592}.Debug|Any CPU.ActiveCfg = Debug|Any CPU
		{C68367D0-FBC3-4B86-AF98-2EE232A39592}.Debug|Any CPU.Build.0 = Debug|Any CPU
		{C68367D0-FBC3-4B86-AF98-2EE232A39592}.Release|Any CPU.ActiveCfg = Release|Any CPU
		{C68367D0-FBC3-4B86-AF98-2EE232A39592}.Release|Any CPU.Build.0 = Release|Any CPU
		{5096B949-4AED-419E-95EC-6551E2964E23}.Debug|Any CPU.ActiveCfg = Debug|Any CPU
		{5096B949-4AED-419E-95EC-6551E2964E23}.Debug|Any CPU.Build.0 = Debug|Any CPU
		{5096B949-4AED-419E-95EC-6551E2964E23}.Release|Any CPU.ActiveCfg = Release|Any CPU
		{5096B949-4AED-419E-95EC-6551E2964E23}.Release|Any CPU.Build.0 = Release|Any CPU
		{0B4FE2FA-D675-41B9-A606-09EA8390F93A}.Debug|Any CPU.ActiveCfg = Debug|Any CPU
		{0B4FE2FA-D675-41B9-A606-09EA8390F93A}.Debug|Any CPU.Build.0 = Debug|Any CPU
		{0B4FE2FA-D675-41B9-A606-09EA8390F93A}.Release|Any CPU.ActiveCfg = Release|Any CPU
		{0B4FE2FA-D675-41B9-A606-09EA8390F93A}.Release|Any CPU.Build.0 = Release|Any CPU
		{8A6AD786-B9F1-4579-AF60-CB488716B632}.Debug|Any CPU.ActiveCfg = Debug|Any CPU
		{8A6AD786-B9F1-4579-AF60-CB488716B632}.Debug|Any CPU.Build.0 = Debug|Any CPU
		{8A6AD786-B9F1-4579-AF60-CB488716B632}.Release|Any CPU.ActiveCfg = Release|Any CPU
		{8A6AD786-B9F1-4579-AF60-CB488716B632}.Release|Any CPU.Build.0 = Release|Any CPU
		{BDA0A3B8-B818-443A-ACF5-83AA676D2F34}.Debug|Any CPU.ActiveCfg = Debug|Any CPU
		{BDA0A3B8-B818-443A-ACF5-83AA676D2F34}.Debug|Any CPU.Build.0 = Debug|Any CPU
		{BDA0A3B8-B818-443A-ACF5-83AA676D2F34}.Release|Any CPU.ActiveCfg = Release|Any CPU
		{BDA0A3B8-B818-443A-ACF5-83AA676D2F34}.Release|Any CPU.Build.0 = Release|Any CPU
		{1E2E01CA-1A56-41F0-8E53-67BED2F3833E}.Debug|Any CPU.ActiveCfg = Debug|Any CPU
		{1E2E01CA-1A56-41F0-8E53-67BED2F3833E}.Debug|Any CPU.Build.0 = Debug|Any CPU
		{1E2E01CA-1A56-41F0-8E53-67BED2F3833E}.Release|Any CPU.ActiveCfg = Release|Any CPU
		{1E2E01CA-1A56-41F0-8E53-67BED2F3833E}.Release|Any CPU.Build.0 = Release|Any CPU
		{806CC529-4290-4401-B669-E843CDA3441F}.Debug|Any CPU.ActiveCfg = Debug|Any CPU
		{806CC529-4290-4401-B669-E843CDA3441F}.Debug|Any CPU.Build.0 = Debug|Any CPU
		{806CC529-4290-4401-B669-E843CDA3441F}.Release|Any CPU.ActiveCfg = Release|Any CPU
		{806CC529-4290-4401-B669-E843CDA3441F}.Release|Any CPU.Build.0 = Release|Any CPU
		{EEBDA1A3-9269-47B7-B560-2B42BEB64116}.Debug|Any CPU.ActiveCfg = Debug|Any CPU
		{EEBDA1A3-9269-47B7-B560-2B42BEB64116}.Debug|Any CPU.Build.0 = Debug|Any CPU
		{EEBDA1A3-9269-47B7-B560-2B42BEB64116}.Release|Any CPU.ActiveCfg = Release|Any CPU
		{EEBDA1A3-9269-47B7-B560-2B42BEB64116}.Release|Any CPU.Build.0 = Release|Any CPU
		{FA9A9DC9-7F70-4710-808A-AFC463B4A8C5}.Debug|Any CPU.ActiveCfg = Debug|Any CPU
		{FA9A9DC9-7F70-4710-808A-AFC463B4A8C5}.Debug|Any CPU.Build.0 = Debug|Any CPU
		{FA9A9DC9-7F70-4710-808A-AFC463B4A8C5}.Release|Any CPU.ActiveCfg = Release|Any CPU
		{FA9A9DC9-7F70-4710-808A-AFC463B4A8C5}.Release|Any CPU.Build.0 = Release|Any CPU
		{306ACFF2-2D27-4640-9626-4AEF0F11B8A0}.Debug|Any CPU.ActiveCfg = Debug|Any CPU
		{306ACFF2-2D27-4640-9626-4AEF0F11B8A0}.Debug|Any CPU.Build.0 = Debug|Any CPU
		{306ACFF2-2D27-4640-9626-4AEF0F11B8A0}.Release|Any CPU.ActiveCfg = Release|Any CPU
		{306ACFF2-2D27-4640-9626-4AEF0F11B8A0}.Release|Any CPU.Build.0 = Release|Any CPU
		{C9BB2668-3ED1-4334-AFFC-1F3E5167EFF9}.Debug|Any CPU.ActiveCfg = Debug|Any CPU
		{C9BB2668-3ED1-4334-AFFC-1F3E5167EFF9}.Debug|Any CPU.Build.0 = Debug|Any CPU
		{C9BB2668-3ED1-4334-AFFC-1F3E5167EFF9}.Release|Any CPU.ActiveCfg = Release|Any CPU
		{C9BB2668-3ED1-4334-AFFC-1F3E5167EFF9}.Release|Any CPU.Build.0 = Release|Any CPU
		{C71AA701-2D04-406C-B7AF-FAA14013A7D2}.Debug|Any CPU.ActiveCfg = Debug|Any CPU
		{C71AA701-2D04-406C-B7AF-FAA14013A7D2}.Debug|Any CPU.Build.0 = Debug|Any CPU
		{C71AA701-2D04-406C-B7AF-FAA14013A7D2}.Release|Any CPU.ActiveCfg = Release|Any CPU
		{C71AA701-2D04-406C-B7AF-FAA14013A7D2}.Release|Any CPU.Build.0 = Release|Any CPU
	EndGlobalSection
	GlobalSection(SolutionProperties) = preSolution
		HideSolutionNode = FALSE
	EndGlobalSection
	GlobalSection(NestedProjects) = preSolution
		{7BF35791-1016-4780-85A4-E39D813E907F} = {9D0A49DE-8F05-489D-A544-5CFF848FAF8A}
		{3B1B7D6E-5220-4EF3-BECF-E40A5404510B} = {E3975D03-90F7-4E04-9283-866265A15A8A}
		{C600DA73-C89C-480E-8BB4-54D4ABBA9BEE} = {E3975D03-90F7-4E04-9283-866265A15A8A}
		{C68367D0-FBC3-4B86-AF98-2EE232A39592} = {E3975D03-90F7-4E04-9283-866265A15A8A}
		{5096B949-4AED-419E-95EC-6551E2964E23} = {E3975D03-90F7-4E04-9283-866265A15A8A}
		{0B4FE2FA-D675-41B9-A606-09EA8390F93A} = {E3975D03-90F7-4E04-9283-866265A15A8A}
		{8A6AD786-B9F1-4579-AF60-CB488716B632} = {E3975D03-90F7-4E04-9283-866265A15A8A}
		{E1A60CA8-BF12-410B-A8FD-46C6EDE31156} = {486A9D18-5877-4C01-8194-1537D9CA0A0C}
		{BDA0A3B8-B818-443A-ACF5-83AA676D2F34} = {E1A60CA8-BF12-410B-A8FD-46C6EDE31156}
		{1E2E01CA-1A56-41F0-8E53-67BED2F3833E} = {E1A60CA8-BF12-410B-A8FD-46C6EDE31156}
		{806CC529-4290-4401-B669-E843CDA3441F} = {43DAD3CB-BB3D-472B-9A17-38E3B76CD184}
		{EEBDA1A3-9269-47B7-B560-2B42BEB64116} = {43DAD3CB-BB3D-472B-9A17-38E3B76CD184}
		{FA9A9DC9-7F70-4710-808A-AFC463B4A8C5} = {E3975D03-90F7-4E04-9283-866265A15A8A}
		{306ACFF2-2D27-4640-9626-4AEF0F11B8A0} = {E3975D03-90F7-4E04-9283-866265A15A8A}
		{C9BB2668-3ED1-4334-AFFC-1F3E5167EFF9} = {E3975D03-90F7-4E04-9283-866265A15A8A}
		{C71AA701-2D04-406C-B7AF-FAA14013A7D2} = {E3975D03-90F7-4E04-9283-866265A15A8A}
	EndGlobalSection
	GlobalSection(ExtensibilityGlobals) = postSolution
		SolutionGuid = {A81A82E4-D36C-4324-91CF-93BD8604253D}
	EndGlobalSection
EndGlobal
